PODS:
  - AnyThinkiOS (6.2.94):
    - AnyThinkiOS/AnyThinkSDK (= 6.2.94)
  - AnyThinkiOS/AnyThinkSDK (6.2.94)
  - OctopusSDK/OctopusBaseSDK (1.5.9.13)
  - OctopusSDK/OctToponAdapterSDK (1.5.9.13):
    - AnyThinkiOS
    - OctopusSDK/OctopusBaseSDK

DEPENDENCIES:
  - OctopusSDK/OctToponAdapterSDK (from `../`)

SPEC REPOS:
  https://github.com/CocoaPods/Specs.git:
    - AnyThinkiOS

EXTERNAL SOURCES:
  OctopusSDK:
    :path: "../"

SPEC CHECKSUMS:
  AnyThinkiOS: d20b81a5612ee7b2de905fd65d2bde227813abce
  OctopusSDK: 0437e9bc14105be3aca555a11c252c008ea551be

PODFILE CHECKSUM: 976142614411dd01a99c6d43d097adf7071700d3

COCOAPODS: 1.12.1
